
Microsoft Visual Studio Solution File, Format Version 12.00
Project("{2150E333-8FDC-42A3-9474-1A3956D46DE8}") = "src", "src", "{4E8256F2-7B10-4C13-BEA3-36533F864BB8}"
EndProject
Project("{2150E333-8FDC-42A3-9474-1A3956D46DE8}") = "Bootstrapper", "Bootstrapper", "{55FCD767-A154-4FD4-8D11-261571F39484}"
EndProject
Project("{2150E333-8FDC-42A3-9474-1A3956D46DE8}") = "Shared", "Shared", "{46EE2FA7-0F91-4155-8F55-35D068CDF96A}"
EndProject
Project("{FAE04EC0-301F-11D3-BF4B-00C04F79EFBC}") = "MovieFlow.Bootstrapper", "src\Bootstrapper\MovieFlow.Bootstrapper\MovieFlow.Bootstrapper.csproj", "{E27E812D-1E30-417C-B51D-4B9DFE4CBC74}"
EndProject
Project("{FAE04EC0-301F-11D3-BF4B-00C04F79EFBC}") = "MovieFlow.Shared.Infrastructure", "src\Shared\MovieFlow.Shared.Infrastructure\MovieFlow.Shared.Infrastructure.csproj", "{C7055246-1440-4A8D-86B2-CA027C1F0370}"
EndProject
Project("{FAE04EC0-301F-11D3-BF4B-00C04F79EFBC}") = "MovieFlow.Shared.Abstractions", "src\Shared\MovieFlow.Shared.Abstractions\MovieFlow.Shared.Abstractions.csproj", "{97AE7CBE-7FC5-4266-8FD3-60B8AFD6A013}"
EndProject
Project("{2150E333-8FDC-42A3-9474-1A3956D46DE8}") = "Modules", "Modules", "{734DE087-7376-43D7-803F-4846F0985035}"
EndProject
Project("{2150E333-8FDC-42A3-9474-1A3956D46DE8}") = "Movies", "Movies", "{A30DA26A-208B-4A0F-A20B-EB70B6EEF7AC}"
EndProject
Project("{FAE04EC0-301F-11D3-BF4B-00C04F79EFBC}") = "MovieFlow.Modules.Movies.Api", "src\Modules\Movies\MovieFlow.Modules.Movies.Api\MovieFlow.Modules.Movies.Api.csproj", "{09EEFCB7-0677-40EB-92B9-499AB5F920E4}"
EndProject
Project("{FAE04EC0-301F-11D3-BF4B-00C04F79EFBC}") = "MovieFlow.Modules.Movies.Application", "src\Modules\Movies\MovieFlow.Modules.Movies.Application\MovieFlow.Modules.Movies.Application.csproj", "{1DB1885A-702A-4658-8C46-D5CF035D1014}"
EndProject
Project("{FAE04EC0-301F-11D3-BF4B-00C04F79EFBC}") = "MovieFlow.Modules.Movies.Core", "src\Modules\Movies\MovieFlow.Modules.Movies.Core\MovieFlow.Modules.Movies.Core.csproj", "{C6CACF9C-46AB-422C-9F3E-6BBF5BD6A7F9}"
EndProject
Project("{FAE04EC0-301F-11D3-BF4B-00C04F79EFBC}") = "MovieFlow.Modules.Movies.Infrastructure", "src\Modules\Movies\MovieFlow.Modules.Movies.Infrastructure\MovieFlow.Modules.Movies.Infrastructure.csproj", "{1D0938C8-F1B0-4DA0-AB22-BFF8DFCB0634}"
EndProject
Project("{2150E333-8FDC-42A3-9474-1A3956D46DE8}") = "Users", "Users", "{E5894FFA-535A-4E9C-B34F-CA5644A98AE6}"
EndProject
Project("{FAE04EC0-301F-11D3-BF4B-00C04F79EFBC}") = "MovieFlow.Modules.Users.Api", "src\Modules\Users\MovieFlow.Modules.Users.Api\MovieFlow.Modules.Users.Api.csproj", "{8363E73A-B305-44F9-8E23-B9A9E106810C}"
EndProject
Project("{FAE04EC0-301F-11D3-BF4B-00C04F79EFBC}") = "MovieFlow.Modules.Users.Application", "src\Modules\Users\MovieFlow.Modules.Users.Application\MovieFlow.Modules.Users.Application.csproj", "{BA395AB5-8A90-4300-BC16-9B7FA2E6D7F7}"
EndProject
Project("{FAE04EC0-301F-11D3-BF4B-00C04F79EFBC}") = "MovieFlow.Modules.Users.Core", "src\Modules\Users\MovieFlow.Modules.Users.Core\MovieFlow.Modules.Users.Core.csproj", "{8E29E24F-6A97-4ED1-ABA7-14EF603595E9}"
EndProject
Project("{FAE04EC0-301F-11D3-BF4B-00C04F79EFBC}") = "MovieFlow.Modules.Users.Infrastructure", "src\Modules\Users\MovieFlow.Modules.Users.Infrastructure\MovieFlow.Modules.Users.Infrastructure.csproj", "{DE3A33DB-E239-4980-89E6-D6AE533F5F64}"
EndProject
Project("{FAE04EC0-301F-11D3-BF4B-00C04F79EFBC}") = "MovieFlow.Modules.Movies.Shared", "src\Modules\Movies\MovieFlow.Modules.Movies.Shared\MovieFlow.Modules.Movies.Shared.csproj", "{F5A3F9C7-B4FE-40AF-87B6-189B70DAA623}"
EndProject
Project("{2150E333-8FDC-42A3-9474-1A3956D46DE8}") = "Notifications", "Notifications", "{50A4BE1F-C4E1-4BCC-9051-AA2D85301A62}"
EndProject
Project("{2150E333-8FDC-42A3-9474-1A3956D46DE8}") = "Emails", "Emails", "{F63614D8-0204-4065-8286-F84566F69CAC}"
EndProject
Project("{FAE04EC0-301F-11D3-BF4B-00C04F79EFBC}") = "MovieFlow.Modules.Emails.Api", "src\Modules\Notifications\Emails\MovieFlow.Modules.Emails.Api\MovieFlow.Modules.Emails.Api.csproj", "{933B660F-5C79-4328-9D1F-5C1B2B8B5F1F}"
EndProject
Project("{FAE04EC0-301F-11D3-BF4B-00C04F79EFBC}") = "MovieFlow.Modules.Emails.Application", "src\Modules\Notifications\Emails\MovieFlow.Modules.Emails.Application\MovieFlow.Modules.Emails.Application.csproj", "{97991D73-5D8C-42D9-85D0-E08FA8D00D66}"
EndProject
Project("{FAE04EC0-301F-11D3-BF4B-00C04F79EFBC}") = "MovieFlow.Modules.Emails.Core", "src\Modules\Notifications\Emails\MovieFlow.Modules.Emails.Core\MovieFlow.Modules.Emails.Core.csproj", "{356F6323-877D-4828-89C1-5DDB6C375803}"
EndProject
Project("{FAE04EC0-301F-11D3-BF4B-00C04F79EFBC}") = "MovieFlow.Modules.Emails.Infrastructure", "src\Modules\Notifications\Emails\MovieFlow.Modules.Emails.Infrastructure\MovieFlow.Modules.Emails.Infrastructure.csproj", "{9AE39CC9-8DBF-4C7A-BDB9-D7DBA770264E}"
EndProject
Project("{FAE04EC0-301F-11D3-BF4B-00C04F79EFBC}") = "MovieFlow.Modules.Emails.Shared", "src\Modules\Notifications\Emails\MovieFlow.Modules.Emails.Shared\MovieFlow.Modules.Emails.Shared.csproj", "{7B7227E3-AF04-483B-A789-34C97BC2324B}"
EndProject
Project("{2150E333-8FDC-42A3-9474-1A3956D46DE8}") = "Integrations", "Integrations", "{49170651-3AA4-416C-8C10-34FE5CDCD7C9}"
EndProject
Project("{FAE04EC0-301F-11D3-BF4B-00C04F79EFBC}") = "MovieFlow.Modules.Emails.SendGrid", "src\Modules\Notifications\Emails\Integrations\MovieFlow.Modules.Emails.SendGrid\MovieFlow.Modules.Emails.SendGrid.csproj", "{B8A10337-7559-4E32-9CB0-00A47FE0113F}"
EndProject
Project("{2150E333-8FDC-42A3-9474-1A3956D46DE8}") = "Integrations", "Integrations", "{2DEE4C48-CBE0-44BA-A875-69287CEB5704}"
EndProject
Project("{FAE04EC0-301F-11D3-BF4B-00C04F79EFBC}") = "MovieFlow.Modules.Movies.AzureStorage", "src\Modules\Movies\Integrations\AzureStorage\MovieFlow.Modules.Movies.AzureStorage\MovieFlow.Modules.Movies.AzureStorage.csproj", "{39C0712F-A298-4C4D-AAD7-DBB5FEC37333}"
EndProject
Project("{FAE04EC0-301F-11D3-BF4B-00C04F79EFBC}") = "MovieFlow.Modules.Movies.AzureStorage.Events", "src\Modules\Movies\Integrations\AzureStorage\MovieFlow.Modules.Movies.AzureStorage.Events\MovieFlow.Modules.Movies.AzureStorage.Events.csproj", "{D84790F8-9AFB-4714-9BC1-C2DEDD7AE8AB}"
EndProject
Project("{2150E333-8FDC-42A3-9474-1A3956D46DE8}") = "Newsletters", "Newsletters", "{BA7A3ADE-0B2F-4AE1-B0F9-4B94C78B2B30}"
EndProject
Project("{FAE04EC0-301F-11D3-BF4B-00C04F79EFBC}") = "MovieFlow.Modules.Newsletters.Core", "src\Modules\Newsletters\MovieFlow.Modules.Newsletters.Core\MovieFlow.Modules.Newsletters.Core.csproj", "{D3867C26-253C-4B73-B753-050CD60B7EDE}"
EndProject
Project("{FAE04EC0-301F-11D3-BF4B-00C04F79EFBC}") = "MovieFlow.Modules.Newsletters.Infrastructure", "src\Modules\Newsletters\MovieFlow.Modules.Newsletters.Infrastructure\MovieFlow.Modules.Newsletters.Infrastructure.csproj", "{0FEDE357-3F73-4224-86C7-6DC7FEDA360F}"
EndProject
Project("{FAE04EC0-301F-11D3-BF4B-00C04F79EFBC}") = "MovieFlow.Modules.Newsletters.Application", "src\Modules\Newsletters\MovieFlow.Modules.Newsletters.Application\MovieFlow.Modules.Newsletters.Application.csproj", "{FB1C6FDA-37F8-4BFF-8E93-F4043BC0804C}"
EndProject
Project("{FAE04EC0-301F-11D3-BF4B-00C04F79EFBC}") = "MovieFlow.Modules.Newsletters.Api", "src\Modules\Newsletters\MovieFlow.Modules.Newsletters.Api\MovieFlow.Modules.Newsletters.Api.csproj", "{A7440F5B-706E-4C1C-8AC6-408C32BAAC73}"
EndProject
Project("{FAE04EC0-301F-11D3-BF4B-00C04F79EFBC}") = "MovieFlow.Modules.Newsletters.Shared", "src\Modules\Newsletters\MovieFlow.Modules.Newsletters.Shared\MovieFlow.Modules.Newsletters.Shared.csproj", "{D5C229C9-15A0-4BE3-8902-A10955558EFC}"
EndProject
Project("{2150E333-8FDC-42A3-9474-1A3956D46DE8}") = "AzureStorage", "AzureStorage", "{6EF3ECF4-39D0-4D20-9536-2B1F2DA3DD4C}"
EndProject
Global
	GlobalSection(SolutionConfigurationPlatforms) = preSolution
		Debug|Any CPU = Debug|Any CPU
		Release|Any CPU = Release|Any CPU
	EndGlobalSection
	GlobalSection(ProjectConfigurationPlatforms) = postSolution
		{E27E812D-1E30-417C-B51D-4B9DFE4CBC74}.Debug|Any CPU.ActiveCfg = Debug|Any CPU
		{E27E812D-1E30-417C-B51D-4B9DFE4CBC74}.Debug|Any CPU.Build.0 = Debug|Any CPU
		{E27E812D-1E30-417C-B51D-4B9DFE4CBC74}.Release|Any CPU.ActiveCfg = Release|Any CPU
		{E27E812D-1E30-417C-B51D-4B9DFE4CBC74}.Release|Any CPU.Build.0 = Release|Any CPU
		{C7055246-1440-4A8D-86B2-CA027C1F0370}.Debug|Any CPU.ActiveCfg = Debug|Any CPU
		{C7055246-1440-4A8D-86B2-CA027C1F0370}.Debug|Any CPU.Build.0 = Debug|Any CPU
		{C7055246-1440-4A8D-86B2-CA027C1F0370}.Release|Any CPU.ActiveCfg = Release|Any CPU
		{C7055246-1440-4A8D-86B2-CA027C1F0370}.Release|Any CPU.Build.0 = Release|Any CPU
		{97AE7CBE-7FC5-4266-8FD3-60B8AFD6A013}.Debug|Any CPU.ActiveCfg = Debug|Any CPU
		{97AE7CBE-7FC5-4266-8FD3-60B8AFD6A013}.Debug|Any CPU.Build.0 = Debug|Any CPU
		{97AE7CBE-7FC5-4266-8FD3-60B8AFD6A013}.Release|Any CPU.ActiveCfg = Release|Any CPU
		{97AE7CBE-7FC5-4266-8FD3-60B8AFD6A013}.Release|Any CPU.Build.0 = Release|Any CPU
		{09EEFCB7-0677-40EB-92B9-499AB5F920E4}.Debug|Any CPU.ActiveCfg = Debug|Any CPU
		{09EEFCB7-0677-40EB-92B9-499AB5F920E4}.Debug|Any CPU.Build.0 = Debug|Any CPU
		{09EEFCB7-0677-40EB-92B9-499AB5F920E4}.Release|Any CPU.ActiveCfg = Release|Any CPU
		{09EEFCB7-0677-40EB-92B9-499AB5F920E4}.Release|Any CPU.Build.0 = Release|Any CPU
		{1DB1885A-702A-4658-8C46-D5CF035D1014}.Debug|Any CPU.ActiveCfg = Debug|Any CPU
		{1DB1885A-702A-4658-8C46-D5CF035D1014}.Debug|Any CPU.Build.0 = Debug|Any CPU
		{1DB1885A-702A-4658-8C46-D5CF035D1014}.Release|Any CPU.ActiveCfg = Release|Any CPU
		{1DB1885A-702A-4658-8C46-D5CF035D1014}.Release|Any CPU.Build.0 = Release|Any CPU
		{C6CACF9C-46AB-422C-9F3E-6BBF5BD6A7F9}.Debug|Any CPU.ActiveCfg = Debug|Any CPU
		{C6CACF9C-46AB-422C-9F3E-6BBF5BD6A7F9}.Debug|Any CPU.Build.0 = Debug|Any CPU
		{C6CACF9C-46AB-422C-9F3E-6BBF5BD6A7F9}.Release|Any CPU.ActiveCfg = Release|Any CPU
		{C6CACF9C-46AB-422C-9F3E-6BBF5BD6A7F9}.Release|Any CPU.Build.0 = Release|Any CPU
		{1D0938C8-F1B0-4DA0-AB22-BFF8DFCB0634}.Debug|Any CPU.ActiveCfg = Debug|Any CPU
		{1D0938C8-F1B0-4DA0-AB22-BFF8DFCB0634}.Debug|Any CPU.Build.0 = Debug|Any CPU
		{1D0938C8-F1B0-4DA0-AB22-BFF8DFCB0634}.Release|Any CPU.ActiveCfg = Release|Any CPU
		{1D0938C8-F1B0-4DA0-AB22-BFF8DFCB0634}.Release|Any CPU.Build.0 = Release|Any CPU
		{8363E73A-B305-44F9-8E23-B9A9E106810C}.Debug|Any CPU.ActiveCfg = Debug|Any CPU
		{8363E73A-B305-44F9-8E23-B9A9E106810C}.Debug|Any CPU.Build.0 = Debug|Any CPU
		{8363E73A-B305-44F9-8E23-B9A9E106810C}.Release|Any CPU.ActiveCfg = Release|Any CPU
		{8363E73A-B305-44F9-8E23-B9A9E106810C}.Release|Any CPU.Build.0 = Release|Any CPU
		{BA395AB5-8A90-4300-BC16-9B7FA2E6D7F7}.Debug|Any CPU.ActiveCfg = Debug|Any CPU
		{BA395AB5-8A90-4300-BC16-9B7FA2E6D7F7}.Debug|Any CPU.Build.0 = Debug|Any CPU
		{BA395AB5-8A90-4300-BC16-9B7FA2E6D7F7}.Release|Any CPU.ActiveCfg = Release|Any CPU
		{BA395AB5-8A90-4300-BC16-9B7FA2E6D7F7}.Release|Any CPU.Build.0 = Release|Any CPU
		{8E29E24F-6A97-4ED1-ABA7-14EF603595E9}.Debug|Any CPU.ActiveCfg = Debug|Any CPU
		{8E29E24F-6A97-4ED1-ABA7-14EF603595E9}.Debug|Any CPU.Build.0 = Debug|Any CPU
		{8E29E24F-6A97-4ED1-ABA7-14EF603595E9}.Release|Any CPU.ActiveCfg = Release|Any CPU
		{8E29E24F-6A97-4ED1-ABA7-14EF603595E9}.Release|Any CPU.Build.0 = Release|Any CPU
		{DE3A33DB-E239-4980-89E6-D6AE533F5F64}.Debug|Any CPU.ActiveCfg = Debug|Any CPU
		{DE3A33DB-E239-4980-89E6-D6AE533F5F64}.Debug|Any CPU.Build.0 = Debug|Any CPU
		{DE3A33DB-E239-4980-89E6-D6AE533F5F64}.Release|Any CPU.ActiveCfg = Release|Any CPU
		{DE3A33DB-E239-4980-89E6-D6AE533F5F64}.Release|Any CPU.Build.0 = Release|Any CPU
		{F5A3F9C7-B4FE-40AF-87B6-189B70DAA623}.Debug|Any CPU.ActiveCfg = Debug|Any CPU
		{F5A3F9C7-B4FE-40AF-87B6-189B70DAA623}.Debug|Any CPU.Build.0 = Debug|Any CPU
		{F5A3F9C7-B4FE-40AF-87B6-189B70DAA623}.Release|Any CPU.ActiveCfg = Release|Any CPU
		{F5A3F9C7-B4FE-40AF-87B6-189B70DAA623}.Release|Any CPU.Build.0 = Release|Any CPU
		{933B660F-5C79-4328-9D1F-5C1B2B8B5F1F}.Debug|Any CPU.ActiveCfg = Debug|Any CPU
		{933B660F-5C79-4328-9D1F-5C1B2B8B5F1F}.Debug|Any CPU.Build.0 = Debug|Any CPU
		{933B660F-5C79-4328-9D1F-5C1B2B8B5F1F}.Release|Any CPU.ActiveCfg = Release|Any CPU
		{933B660F-5C79-4328-9D1F-5C1B2B8B5F1F}.Release|Any CPU.Build.0 = Release|Any CPU
		{97991D73-5D8C-42D9-85D0-E08FA8D00D66}.Debug|Any CPU.ActiveCfg = Debug|Any CPU
		{97991D73-5D8C-42D9-85D0-E08FA8D00D66}.Debug|Any CPU.Build.0 = Debug|Any CPU
		{97991D73-5D8C-42D9-85D0-E08FA8D00D66}.Release|Any CPU.ActiveCfg = Release|Any CPU
		{97991D73-5D8C-42D9-85D0-E08FA8D00D66}.Release|Any CPU.Build.0 = Release|Any CPU
		{356F6323-877D-4828-89C1-5DDB6C375803}.Debug|Any CPU.ActiveCfg = Debug|Any CPU
		{356F6323-877D-4828-89C1-5DDB6C375803}.Debug|Any CPU.Build.0 = Debug|Any CPU
		{356F6323-877D-4828-89C1-5DDB6C375803}.Release|Any CPU.ActiveCfg = Release|Any CPU
		{356F6323-877D-4828-89C1-5DDB6C375803}.Release|Any CPU.Build.0 = Release|Any CPU
		{9AE39CC9-8DBF-4C7A-BDB9-D7DBA770264E}.Debug|Any CPU.ActiveCfg = Debug|Any CPU
		{9AE39CC9-8DBF-4C7A-BDB9-D7DBA770264E}.Debug|Any CPU.Build.0 = Debug|Any CPU
		{9AE39CC9-8DBF-4C7A-BDB9-D7DBA770264E}.Release|Any CPU.ActiveCfg = Release|Any CPU
		{9AE39CC9-8DBF-4C7A-BDB9-D7DBA770264E}.Release|Any CPU.Build.0 = Release|Any CPU
		{7B7227E3-AF04-483B-A789-34C97BC2324B}.Debug|Any CPU.ActiveCfg = Debug|Any CPU
		{7B7227E3-AF04-483B-A789-34C97BC2324B}.Debug|Any CPU.Build.0 = Debug|Any CPU
		{7B7227E3-AF04-483B-A789-34C97BC2324B}.Release|Any CPU.ActiveCfg = Release|Any CPU
		{7B7227E3-AF04-483B-A789-34C97BC2324B}.Release|Any CPU.Build.0 = Release|Any CPU
		{B8A10337-7559-4E32-9CB0-00A47FE0113F}.Debug|Any CPU.ActiveCfg = Debug|Any CPU
		{B8A10337-7559-4E32-9CB0-00A47FE0113F}.Debug|Any CPU.Build.0 = Debug|Any CPU
		{B8A10337-7559-4E32-9CB0-00A47FE0113F}.Release|Any CPU.ActiveCfg = Release|Any CPU
		{B8A10337-7559-4E32-9CB0-00A47FE0113F}.Release|Any CPU.Build.0 = Release|Any CPU
		{39C0712F-A298-4C4D-AAD7-DBB5FEC37333}.Debug|Any CPU.ActiveCfg = Debug|Any CPU
		{39C0712F-A298-4C4D-AAD7-DBB5FEC37333}.Debug|Any CPU.Build.0 = Debug|Any CPU
		{39C0712F-A298-4C4D-AAD7-DBB5FEC37333}.Release|Any CPU.ActiveCfg = Release|Any CPU
		{39C0712F-A298-4C4D-AAD7-DBB5FEC37333}.Release|Any CPU.Build.0 = Release|Any CPU
		{D84790F8-9AFB-4714-9BC1-C2DEDD7AE8AB}.Debug|Any CPU.ActiveCfg = Debug|Any CPU
		{D84790F8-9AFB-4714-9BC1-C2DEDD7AE8AB}.Debug|Any CPU.Build.0 = Debug|Any CPU
		{D84790F8-9AFB-4714-9BC1-C2DEDD7AE8AB}.Release|Any CPU.ActiveCfg = Release|Any CPU
		{D84790F8-9AFB-4714-9BC1-C2DEDD7AE8AB}.Release|Any CPU.Build.0 = Release|Any CPU
		{D3867C26-253C-4B73-B753-050CD60B7EDE}.Debug|Any CPU.ActiveCfg = Debug|Any CPU
		{D3867C26-253C-4B73-B753-050CD60B7EDE}.Debug|Any CPU.Build.0 = Debug|Any CPU
		{D3867C26-253C-4B73-B753-050CD60B7EDE}.Release|Any CPU.ActiveCfg = Release|Any CPU
		{D3867C26-253C-4B73-B753-050CD60B7EDE}.Release|Any CPU.Build.0 = Release|Any CPU
		{0FEDE357-3F73-4224-86C7-6DC7FEDA360F}.Debug|Any CPU.ActiveCfg = Debug|Any CPU
		{0FEDE357-3F73-4224-86C7-6DC7FEDA360F}.Debug|Any CPU.Build.0 = Debug|Any CPU
		{0FEDE357-3F73-4224-86C7-6DC7FEDA360F}.Release|Any CPU.ActiveCfg = Release|Any CPU
		{0FEDE357-3F73-4224-86C7-6DC7FEDA360F}.Release|Any CPU.Build.0 = Release|Any CPU
		{FB1C6FDA-37F8-4BFF-8E93-F4043BC0804C}.Debug|Any CPU.ActiveCfg = Debug|Any CPU
		{FB1C6FDA-37F8-4BFF-8E93-F4043BC0804C}.Debug|Any CPU.Build.0 = Debug|Any CPU
		{FB1C6FDA-37F8-4BFF-8E93-F4043BC0804C}.Release|Any CPU.ActiveCfg = Release|Any CPU
		{FB1C6FDA-37F8-4BFF-8E93-F4043BC0804C}.Release|Any CPU.Build.0 = Release|Any CPU
		{A7440F5B-706E-4C1C-8AC6-408C32BAAC73}.Debug|Any CPU.ActiveCfg = Debug|Any CPU
		{A7440F5B-706E-4C1C-8AC6-408C32BAAC73}.Debug|Any CPU.Build.0 = Debug|Any CPU
		{A7440F5B-706E-4C1C-8AC6-408C32BAAC73}.Release|Any CPU.ActiveCfg = Release|Any CPU
		{A7440F5B-706E-4C1C-8AC6-408C32BAAC73}.Release|Any CPU.Build.0 = Release|Any CPU
		{D5C229C9-15A0-4BE3-8902-A10955558EFC}.Debug|Any CPU.ActiveCfg = Debug|Any CPU
		{D5C229C9-15A0-4BE3-8902-A10955558EFC}.Debug|Any CPU.Build.0 = Debug|Any CPU
		{D5C229C9-15A0-4BE3-8902-A10955558EFC}.Release|Any CPU.ActiveCfg = Release|Any CPU
		{D5C229C9-15A0-4BE3-8902-A10955558EFC}.Release|Any CPU.Build.0 = Release|Any CPU
	EndGlobalSection
	GlobalSection(NestedProjects) = preSolution
		{55FCD767-A154-4FD4-8D11-261571F39484} = {4E8256F2-7B10-4C13-BEA3-36533F864BB8}
		{46EE2FA7-0F91-4155-8F55-35D068CDF96A} = {4E8256F2-7B10-4C13-BEA3-36533F864BB8}
		{E27E812D-1E30-417C-B51D-4B9DFE4CBC74} = {55FCD767-A154-4FD4-8D11-261571F39484}
		{C7055246-1440-4A8D-86B2-CA027C1F0370} = {46EE2FA7-0F91-4155-8F55-35D068CDF96A}
		{97AE7CBE-7FC5-4266-8FD3-60B8AFD6A013} = {46EE2FA7-0F91-4155-8F55-35D068CDF96A}
		{734DE087-7376-43D7-803F-4846F0985035} = {4E8256F2-7B10-4C13-BEA3-36533F864BB8}
		{A30DA26A-208B-4A0F-A20B-EB70B6EEF7AC} = {734DE087-7376-43D7-803F-4846F0985035}
		{09EEFCB7-0677-40EB-92B9-499AB5F920E4} = {A30DA26A-208B-4A0F-A20B-EB70B6EEF7AC}
		{1DB1885A-702A-4658-8C46-D5CF035D1014} = {A30DA26A-208B-4A0F-A20B-EB70B6EEF7AC}
		{C6CACF9C-46AB-422C-9F3E-6BBF5BD6A7F9} = {A30DA26A-208B-4A0F-A20B-EB70B6EEF7AC}
		{1D0938C8-F1B0-4DA0-AB22-BFF8DFCB0634} = {A30DA26A-208B-4A0F-A20B-EB70B6EEF7AC}
		{E5894FFA-535A-4E9C-B34F-CA5644A98AE6} = {734DE087-7376-43D7-803F-4846F0985035}
		{8363E73A-B305-44F9-8E23-B9A9E106810C} = {E5894FFA-535A-4E9C-B34F-CA5644A98AE6}
		{BA395AB5-8A90-4300-BC16-9B7FA2E6D7F7} = {E5894FFA-535A-4E9C-B34F-CA5644A98AE6}
		{8E29E24F-6A97-4ED1-ABA7-14EF603595E9} = {E5894FFA-535A-4E9C-B34F-CA5644A98AE6}
		{DE3A33DB-E239-4980-89E6-D6AE533F5F64} = {E5894FFA-535A-4E9C-B34F-CA5644A98AE6}
		{F5A3F9C7-B4FE-40AF-87B6-189B70DAA623} = {A30DA26A-208B-4A0F-A20B-EB70B6EEF7AC}
		{50A4BE1F-C4E1-4BCC-9051-AA2D85301A62} = {734DE087-7376-43D7-803F-4846F0985035}
		{F63614D8-0204-4065-8286-F84566F69CAC} = {50A4BE1F-C4E1-4BCC-9051-AA2D85301A62}
		{933B660F-5C79-4328-9D1F-5C1B2B8B5F1F} = {F63614D8-0204-4065-8286-F84566F69CAC}
		{97991D73-5D8C-42D9-85D0-E08FA8D00D66} = {F63614D8-0204-4065-8286-F84566F69CAC}
		{356F6323-877D-4828-89C1-5DDB6C375803} = {F63614D8-0204-4065-8286-F84566F69CAC}
		{9AE39CC9-8DBF-4C7A-BDB9-D7DBA770264E} = {F63614D8-0204-4065-8286-F84566F69CAC}
		{7B7227E3-AF04-483B-A789-34C97BC2324B} = {F63614D8-0204-4065-8286-F84566F69CAC}
		{49170651-3AA4-416C-8C10-34FE5CDCD7C9} = {F63614D8-0204-4065-8286-F84566F69CAC}
		{B8A10337-7559-4E32-9CB0-00A47FE0113F} = {49170651-3AA4-416C-8C10-34FE5CDCD7C9}
		{2DEE4C48-CBE0-44BA-A875-69287CEB5704} = {A30DA26A-208B-4A0F-A20B-EB70B6EEF7AC}
		{BA7A3ADE-0B2F-4AE1-B0F9-4B94C78B2B30} = {734DE087-7376-43D7-803F-4846F0985035}
		{D3867C26-253C-4B73-B753-050CD60B7EDE} = {BA7A3ADE-0B2F-4AE1-B0F9-4B94C78B2B30}
		{0FEDE357-3F73-4224-86C7-6DC7FEDA360F} = {BA7A3ADE-0B2F-4AE1-B0F9-4B94C78B2B30}
		{FB1C6FDA-37F8-4BFF-8E93-F4043BC0804C} = {BA7A3ADE-0B2F-4AE1-B0F9-4B94C78B2B30}
		{A7440F5B-706E-4C1C-8AC6-408C32BAAC73} = {BA7A3ADE-0B2F-4AE1-B0F9-4B94C78B2B30}
		{D5C229C9-15A0-4BE3-8902-A10955558EFC} = {BA7A3ADE-0B2F-4AE1-B0F9-4B94C78B2B30}
		{6EF3ECF4-39D0-4D20-9536-2B1F2DA3DD4C} = {2DEE4C48-CBE0-44BA-A875-69287CEB5704}
		{39C0712F-A298-4C4D-AAD7-DBB5FEC37333} = {6EF3ECF4-39D0-4D20-9536-2B1F2DA3DD4C}
		{D84790F8-9AFB-4714-9BC1-C2DEDD7AE8AB} = {6EF3ECF4-39D0-4D20-9536-2B1F2DA3DD4C}
	EndGlobalSection
EndGlobal
